
Microsoft Visual Studio Solution File, Format Version 12.00
# Visual Studio Version 17
VisualStudioVersion = 17.13.35919.96 d17.13
MinimumVisualStudioVersion = 10.0.40219.1
Project("{FAE04EC0-301F-11D3-BF4B-00C04F79EFBC}") = "api-trigger-cicd", "api-trigger-cicd.csproj", "{CCB2D997-10C3-4949-A3A6-4F61E34BF78C}"
EndProject
Global
	GlobalSection(SolutionConfigurationPlatforms) = preSolution
		Debug|Any CPU = Debug|Any CPU
		Release|Any CPU = Release|Any CPU
	EndGlobalSection
	GlobalSection(ProjectConfigurationPlatforms) = postSolution
		{CCB2D997-10C3-4949-A3A6-4F61E34BF78C}.Debug|Any CPU.ActiveCfg = Debug|Any CPU
		{CCB2D997-10C3-4949-A3A6-4F61E34BF78C}.Debug|Any CPU.Build.0 = Debug|Any CPU
		{CCB2D997-10C3-4949-A3A6-4F61E34BF78C}.Release|Any CPU.ActiveCfg = Release|Any CPU
		{CCB2D997-10C3-4949-A3A6-4F61E34BF78C}.Release|Any CPU.Build.0 = Release|Any CPU
	EndGlobalSection
	GlobalSection(SolutionProperties) = preSolution
		HideSolutionNode = FALSE
	EndGlobalSection
	GlobalSection(ExtensibilityGlobals) = postSolution
		SolutionGuid = {B3235924-9A17-4F62-9B2C-41F1615DC7B6}
	EndGlobalSection
EndGlobal
